
Microsoft Visual Studio Solution File, Format Version 12.00
# Visual Studio 15
VisualStudioVersion = 15.0.28010.2046
MinimumVisualStudioVersion = 10.0.40219.1
Project("{9A19103F-16F7-4668-BE54-9A1E7A4F7556}") = "Decorator", "Decorator\Decorator.csproj", "{939A06E0-BAF5-45D2-A27C-0D6F6910838A}"
EndProject
Project("{9A19103F-16F7-4668-BE54-9A1E7A4F7556}") = "Decorator.Server", "Decorator.Server\Decorator.Server.csproj", "{9F2F885F-EFE7-4710-AA1A-DC64F2F048DB}"
EndProject
Project("{9A19103F-16F7-4668-BE54-9A1E7A4F7556}") = "Decorator.Serialize", "Decorator.Serialize\Decorator.Serialize.csproj", "{6AE4D95A-3252-4D78-86A2-48B09D7D6978}"
EndProject
Project("{9A19103F-16F7-4668-BE54-9A1E7A4F7556}") = "Decorator.Serialize.Tests", "Decorator.Serialize.Tests\Decorator.Serialize.Tests.csproj", "{1BDEDBFB-81D0-44CB-9D9C-94C64CA7D7C2}"
EndProject
Project("{9A19103F-16F7-4668-BE54-9A1E7A4F7556}") = "Decorator.Tests", "Decorator.Tests\Decorator.Tests.csproj", "{295EDEC5-E025-4DBA-8650-734D975EAB30}"
EndProject
Project("{FAE04EC0-301F-11D3-BF4B-00C04F79EFBC}") = "Decorator.Benchmarks", "Decorator.Benchmarks\Decorator.Benchmarks.csproj", "{5521176E-3620-42FC-938B-F39368AAB8E3}"
EndProject
Global
	GlobalSection(SolutionConfigurationPlatforms) = preSolution
		Debug|Any CPU = Debug|Any CPU
		Release|Any CPU = Release|Any CPU
	EndGlobalSection
	GlobalSection(ProjectConfigurationPlatforms) = postSolution
		{939A06E0-BAF5-45D2-A27C-0D6F6910838A}.Debug|Any CPU.ActiveCfg = Debug|Any CPU
		{939A06E0-BAF5-45D2-A27C-0D6F6910838A}.Debug|Any CPU.Build.0 = Debug|Any CPU
		{939A06E0-BAF5-45D2-A27C-0D6F6910838A}.Release|Any CPU.ActiveCfg = Release|Any CPU
		{939A06E0-BAF5-45D2-A27C-0D6F6910838A}.Release|Any CPU.Build.0 = Release|Any CPU
		{9F2F885F-EFE7-4710-AA1A-DC64F2F048DB}.Debug|Any CPU.ActiveCfg = Debug|Any CPU
		{9F2F885F-EFE7-4710-AA1A-DC64F2F048DB}.Debug|Any CPU.Build.0 = Debug|Any CPU
		{9F2F885F-EFE7-4710-AA1A-DC64F2F048DB}.Release|Any CPU.ActiveCfg = Release|Any CPU
		{9F2F885F-EFE7-4710-AA1A-DC64F2F048DB}.Release|Any CPU.Build.0 = Release|Any CPU
		{6AE4D95A-3252-4D78-86A2-48B09D7D6978}.Debug|Any CPU.ActiveCfg = Debug|Any CPU
		{6AE4D95A-3252-4D78-86A2-48B09D7D6978}.Debug|Any CPU.Build.0 = Debug|Any CPU
		{6AE4D95A-3252-4D78-86A2-48B09D7D6978}.Release|Any CPU.ActiveCfg = Release|Any CPU
		{6AE4D95A-3252-4D78-86A2-48B09D7D6978}.Release|Any CPU.Build.0 = Release|Any CPU
		{1BDEDBFB-81D0-44CB-9D9C-94C64CA7D7C2}.Debug|Any CPU.ActiveCfg = Debug|Any CPU
		{1BDEDBFB-81D0-44CB-9D9C-94C64CA7D7C2}.Debug|Any CPU.Build.0 = Debug|Any CPU
		{1BDEDBFB-81D0-44CB-9D9C-94C64CA7D7C2}.Release|Any CPU.ActiveCfg = Release|Any CPU
		{1BDEDBFB-81D0-44CB-9D9C-94C64CA7D7C2}.Release|Any CPU.Build.0 = Release|Any CPU
		{295EDEC5-E025-4DBA-8650-734D975EAB30}.Debug|Any CPU.ActiveCfg = Debug|Any CPU
		{295EDEC5-E025-4DBA-8650-734D975EAB30}.Debug|Any CPU.Build.0 = Debug|Any CPU
		{295EDEC5-E025-4DBA-8650-734D975EAB30}.Release|Any CPU.ActiveCfg = Release|Any CPU
		{295EDEC5-E025-4DBA-8650-734D975EAB30}.Release|Any CPU.Build.0 = Release|Any CPU
		{5521176E-3620-42FC-938B-F39368AAB8E3}.Debug|Any CPU.ActiveCfg = Debug|Any CPU
		{5521176E-3620-42FC-938B-F39368AAB8E3}.Debug|Any CPU.Build.0 = Debug|Any CPU
		{5521176E-3620-42FC-938B-F39368AAB8E3}.Release|Any CPU.ActiveCfg = Release|Any CPU
		{5521176E-3620-42FC-938B-F39368AAB8E3}.Release|Any CPU.Build.0 = Release|Any CPU
	EndGlobalSection
	GlobalSection(SolutionProperties) = preSolution
		HideSolutionNode = FALSE
	EndGlobalSection
	GlobalSection(ExtensibilityGlobals) = postSolution
		SolutionGuid = {7F5AA364-9BE8-43DC-ADBC-7EAB9F13D925}
	EndGlobalSection
EndGlobal
