
Microsoft Visual Studio Solution File, Format Version 12.00
# Visual Studio 15
VisualStudioVersion = 15.0.27703.2035
MinimumVisualStudioVersion = 10.0.40219.1
Project("{FAE04EC0-301F-11D3-BF4B-00C04F79EFBC}") = "Decorator", "Decorator\Decorator.csproj", "{FC2D1A2B-308A-4A04-8E34-0A6C9645117A}"
EndProject
Project("{FAE04EC0-301F-11D3-BF4B-00C04F79EFBC}") = "Decorator.Tester", "Decorator.Tester\Decorator.Tester.csproj", "{AB74D9DB-3566-43D7-AA58-F2FE3EAA7850}"
EndProject
Global
	GlobalSection(SolutionConfigurationPlatforms) = preSolution
		Debug|Any CPU = Debug|Any CPU
		Release|Any CPU = Release|Any CPU
	EndGlobalSection
	GlobalSection(ProjectConfigurationPlatforms) = postSolution
		{FC2D1A2B-308A-4A04-8E34-0A6C9645117A}.Debug|Any CPU.ActiveCfg = Debug|Any CPU
		{FC2D1A2B-308A-4A04-8E34-0A6C9645117A}.Debug|Any CPU.Build.0 = Debug|Any CPU
		{FC2D1A2B-308A-4A04-8E34-0A6C9645117A}.Release|Any CPU.ActiveCfg = Release|Any CPU
		{FC2D1A2B-308A-4A04-8E34-0A6C9645117A}.Release|Any CPU.Build.0 = Release|Any CPU
		{AB74D9DB-3566-43D7-AA58-F2FE3EAA7850}.Debug|Any CPU.ActiveCfg = Debug|Any CPU
		{AB74D9DB-3566-43D7-AA58-F2FE3EAA7850}.Debug|Any CPU.Build.0 = Debug|Any CPU
		{AB74D9DB-3566-43D7-AA58-F2FE3EAA7850}.Release|Any CPU.ActiveCfg = Release|Any CPU
		{AB74D9DB-3566-43D7-AA58-F2FE3EAA7850}.Release|Any CPU.Build.0 = Release|Any CPU
	EndGlobalSection
	GlobalSection(SolutionProperties) = preSolution
		HideSolutionNode = FALSE
	EndGlobalSection
	GlobalSection(ExtensibilityGlobals) = postSolution
		SolutionGuid = {75E9AEE0-2A23-4DCD-85D8-DA3D637E4BDB}
	EndGlobalSection
EndGlobal
